
Microsoft Visual Studio Solution File, Format Version 10.00
# Visual Studio 2008
Project("{8BC9CEB8-8B4A-11D0-8D11-00A0C91BC942}") = "gl_pattern", "gl_pattern\gl_pattern.vcproj", "{366CE4E6-D9F0-4353-B656-FC4D417F12D4}"
EndProject
Global
	GlobalSection(SolutionConfigurationPlatforms) = preSolution
		Debug|Win32 = Debug|Win32
		Release|Win32 = Release|Win32
	EndGlobalSection
	GlobalSection(ProjectConfigurationPlatforms) = postSolution
		{366CE4E6-D9F0-4353-B656-FC4D417F12D4}.Debug|Win32.ActiveCfg = Debug|Win32
		{366CE4E6-D9F0-4353-B656-FC4D417F12D4}.Debug|Win32.Build.0 = Debug|Win32
		{366CE4E6-D9F0-4353-B656-FC4D417F12D4}.Release|Win32.ActiveCfg = Release|Win32
		{366CE4E6-D9F0-4353-B656-FC4D417F12D4}.Release|Win32.Build.0 = Release|Win32
	EndGlobalSection
	GlobalSection(SolutionProperties) = preSolution
		HideSolutionNode = FALSE
	EndGlobalSection
EndGlobal
