
Microsoft Visual Studio Solution File, Format Version 10.00
# Visual Studio 2008
Project("{8BC9CEB8-8B4A-11D0-8D11-00A0C91BC942}") = "careercup_exercise", "careercup_exercise\careercup_exercise.vcproj", "{75690C2F-0A8E-4A97-BE88-3CC9E6622332}"
EndProject
Global
	GlobalSection(SolutionConfigurationPlatforms) = preSolution
		Debug|Win32 = Debug|Win32
		Release|Win32 = Release|Win32
	EndGlobalSection
	GlobalSection(ProjectConfigurationPlatforms) = postSolution
		{75690C2F-0A8E-4A97-BE88-3CC9E6622332}.Debug|Win32.ActiveCfg = Debug|Win32
		{75690C2F-0A8E-4A97-BE88-3CC9E6622332}.Debug|Win32.Build.0 = Debug|Win32
		{75690C2F-0A8E-4A97-BE88-3CC9E6622332}.Release|Win32.ActiveCfg = Release|Win32
		{75690C2F-0A8E-4A97-BE88-3CC9E6622332}.Release|Win32.Build.0 = Release|Win32
	EndGlobalSection
	GlobalSection(SolutionProperties) = preSolution
		HideSolutionNode = FALSE
	EndGlobalSection
EndGlobal
